// !$*UTF8*$!
{
	archiveVersion = 1;
	classes = {
	};
	objectVersion = 46;
	objects = {

/* Begin PBXBuildFile section */
		300915671F03AC2600266096 /* ChatInputContainerView.swift in Sources */ = {isa = PBXBuildFile; fileRef = 300915661F03AC2600266096 /* ChatInputContainerView.swift */; };
		3009156A1F03E9E900266096 /* viewController.swift in Sources */ = {isa = PBXBuildFile; fileRef = 300915691F03E9E900266096 /* viewController.swift */; };
		304F678A1F03F08500C353F5 /* PageCell.swift in Sources */ = {isa = PBXBuildFile; fileRef = 304F67891F03F08400C353F5 /* PageCell.swift */; };
		3058AA391F092BB60058D70E /* Extensions.swift in Sources */ = {isa = PBXBuildFile; fileRef = 3058AA381F092BB60058D70E /* Extensions.swift */; };
		3058AA3B1F09DB700058D70E /* LoginCell.swift in Sources */ = {isa = PBXBuildFile; fileRef = 3058AA3A1F09DB700058D70E /* LoginCell.swift */; };
		3058AA3F1F0A50BF0058D70E /* SwipeController.swift in Sources */ = {isa = PBXBuildFile; fileRef = 3058AA3E1F0A50BF0058D70E /* SwipeController.swift */; };
		3058AA411F0A55B50058D70E /* PageController.swift in Sources */ = {isa = PBXBuildFile; fileRef = 3058AA401F0A55B50058D70E /* PageController.swift */; };
		3058AA441F0A86380058D70E /* JSQMessagesController.swift in Sources */ = {isa = PBXBuildFile; fileRef = 3058AA431F0A86380058D70E /* JSQMessagesController.swift */; };
		3058AA461F0A97DC0058D70E /* JSQMessagesController+JSQMessages.swift in Sources */ = {isa = PBXBuildFile; fileRef = 3058AA451F0A97DC0058D70E /* JSQMessagesController+JSQMessages.swift */; };
		3058AA481F0BAF9D0058D70E /* Video.swift in Sources */ = {isa = PBXBuildFile; fileRef = 3058AA471F0BAF9D0058D70E /* Video.swift */; };
		3058AA4A1F0BB19D0058D70E /* Download.swift in Sources */ = {isa = PBXBuildFile; fileRef = 3058AA491F0BB19D0058D70E /* Download.swift */; };
		307DE2311F04FF8800D7E4E5 /* Page.swift in Sources */ = {isa = PBXBuildFile; fileRef = 307DE2301F04FF8800D7E4E5 /* Page.swift */; };
		30B74E061EFA2B8D00232145 /* AppDelegate.swift in Sources */ = {isa = PBXBuildFile; fileRef = 30B74E051EFA2B8D00232145 /* AppDelegate.swift */; };
		30B74E081EFA2B8D00232145 /* MessagesController.swift in Sources */ = {isa = PBXBuildFile; fileRef = 30B74E071EFA2B8D00232145 /* MessagesController.swift */; };
		30B74E0D1EFA2B8D00232145 /* Assets.xcassets in Resources */ = {isa = PBXBuildFile; fileRef = 30B74E0C1EFA2B8D00232145 /* Assets.xcassets */; };
		30B74E101EFA2B8D00232145 /* LaunchScreen.storyboard in Resources */ = {isa = PBXBuildFile; fileRef = 30B74E0E1EFA2B8D00232145 /* LaunchScreen.storyboard */; };
		30B74E191EFA2DB400232145 /* LoginVC.swift in Sources */ = {isa = PBXBuildFile; fileRef = 30B74E181EFA2DB400232145 /* LoginVC.swift */; };
		30B74E1B1EFA824A00232145 /* GoogleService-Info.plist in Resources */ = {isa = PBXBuildFile; fileRef = 30B74E1A1EFA824A00232145 /* GoogleService-Info.plist */; };
		30B74E1E1EFA84C200232145 /* Constants.swift in Sources */ = {isa = PBXBuildFile; fileRef = 30B74E1D1EFA84C200232145 /* Constants.swift */; };
		30B74E201EFB9E3100232145 /* NewMessageController.swift in Sources */ = {isa = PBXBuildFile; fileRef = 30B74E1F1EFB9E3100232145 /* NewMessageController.swift */; };
		30B74E231EFBB33A00232145 /* User.swift in Sources */ = {isa = PBXBuildFile; fileRef = 30B74E221EFBB33A00232145 /* User.swift */; };
		30B74E261EFBB61D00232145 /* UserCell.swift in Sources */ = {isa = PBXBuildFile; fileRef = 30B74E251EFBB61D00232145 /* UserCell.swift */; };
		30B74E281EFBBCAE00232145 /* LoginVC+handlers.swift in Sources */ = {isa = PBXBuildFile; fileRef = 30B74E271EFBBCAE00232145 /* LoginVC+handlers.swift */; };
		30B74E2A1EFBF8A100232145 /* ChatLogController.swift in Sources */ = {isa = PBXBuildFile; fileRef = 30B74E291EFBF8A100232145 /* ChatLogController.swift */; };
		30F5E3281EFC18FF00F34A3F /* Message.swift in Sources */ = {isa = PBXBuildFile; fileRef = 30F5E3271EFC18FF00F34A3F /* Message.swift */; };
		30F5E32A1EFD05DB00F34A3F /* ChatMessageCell.swift in Sources */ = {isa = PBXBuildFile; fileRef = 30F5E3291EFD05DB00F34A3F /* ChatMessageCell.swift */; };
		F33E3C3F26B12253A414977E /* Pods_gameOfChats.framework in Frameworks */ = {isa = PBXBuildFile; fileRef = 159DEE14849F4C02C923049B /* Pods_gameOfChats.framework */; };
/* End PBXBuildFile section */

/* Begin PBXFileReference section */
		159DEE14849F4C02C923049B /* Pods_gameOfChats.framework */ = {isa = PBXFileReference; explicitFileType = wrapper.framework; includeInIndex = 0; path = Pods_gameOfChats.framework; sourceTree = BUILT_PRODUCTS_DIR; };
		300915661F03AC2600266096 /* ChatInputContainerView.swift */ = {isa = PBXFileReference; fileEncoding = 4; lastKnownFileType = sourcecode.swift; path = ChatInputContainerView.swift; sourceTree = "<group>"; };
		300915681F03BED500266096 /* gameOfChats.entitlements */ = {isa = PBXFileReference; lastKnownFileType = text.plist.entitlements; path = gameOfChats.entitlements; sourceTree = "<group>"; };
		300915691F03E9E900266096 /* viewController.swift */ = {isa = PBXFileReference; fileEncoding = 4; lastKnownFileType = sourcecode.swift; path = viewController.swift; sourceTree = "<group>"; };
		304F67891F03F08400C353F5 /* PageCell.swift */ = {isa = PBXFileReference; fileEncoding = 4; lastKnownFileType = sourcecode.swift; path = PageCell.swift; sourceTree = "<group>"; };
		3058AA381F092BB60058D70E /* Extensions.swift */ = {isa = PBXFileReference; fileEncoding = 4; lastKnownFileType = sourcecode.swift; path = Extensions.swift; sourceTree = "<group>"; };
		3058AA3A1F09DB700058D70E /* LoginCell.swift */ = {isa = PBXFileReference; fileEncoding = 4; lastKnownFileType = sourcecode.swift; path = LoginCell.swift; sourceTree = "<group>"; };
		3058AA3E1F0A50BF0058D70E /* SwipeController.swift */ = {isa = PBXFileReference; fileEncoding = 4; lastKnownFileType = sourcecode.swift; path = SwipeController.swift; sourceTree = "<group>"; };
		3058AA401F0A55B50058D70E /* PageController.swift */ = {isa = PBXFileReference; fileEncoding = 4; lastKnownFileType = sourcecode.swift; path = PageController.swift; sourceTree = "<group>"; };
		3058AA431F0A86380058D70E /* JSQMessagesController.swift */ = {isa = PBXFileReference; fileEncoding = 4; lastKnownFileType = sourcecode.swift; path = JSQMessagesController.swift; sourceTree = "<group>"; };
		3058AA451F0A97DC0058D70E /* JSQMessagesController+JSQMessages.swift */ = {isa = PBXFileReference; fileEncoding = 4; lastKnownFileType = sourcecode.swift; path = "JSQMessagesController+JSQMessages.swift"; sourceTree = "<group>"; };
		3058AA471F0BAF9D0058D70E /* Video.swift */ = {isa = PBXFileReference; fileEncoding = 4; lastKnownFileType = sourcecode.swift; path = Video.swift; sourceTree = "<group>"; };
		3058AA491F0BB19D0058D70E /* Download.swift */ = {isa = PBXFileReference; fileEncoding = 4; lastKnownFileType = sourcecode.swift; path = Download.swift; sourceTree = "<group>"; };
		307DE2301F04FF8800D7E4E5 /* Page.swift */ = {isa = PBXFileReference; fileEncoding = 4; lastKnownFileType = sourcecode.swift; path = Page.swift; sourceTree = "<group>"; };
		309111BE508A479434D444AD /* Pods-gameOfChats.release.xcconfig */ = {isa = PBXFileReference; includeInIndex = 1; lastKnownFileType = text.xcconfig; name = "Pods-gameOfChats.release.xcconfig"; path = "Pods/Target Support Files/Pods-gameOfChats/Pods-gameOfChats.release.xcconfig"; sourceTree = "<group>"; };
		30B74E021EFA2B8D00232145 /* gameOfChats.app */ = {isa = PBXFileReference; explicitFileType = wrapper.application; includeInIndex = 0; path = gameOfChats.app; sourceTree = BUILT_PRODUCTS_DIR; };
		30B74E051EFA2B8D00232145 /* AppDelegate.swift */ = {isa = PBXFileReference; lastKnownFileType = sourcecode.swift; path = AppDelegate.swift; sourceTree = "<group>"; };
		30B74E071EFA2B8D00232145 /* MessagesController.swift */ = {isa = PBXFileReference; lastKnownFileType = sourcecode.swift; path = MessagesController.swift; sourceTree = "<group>"; };
		30B74E0C1EFA2B8D00232145 /* Assets.xcassets */ = {isa = PBXFileReference; lastKnownFileType = folder.assetcatalog; path = Assets.xcassets; sourceTree = "<group>"; };
		30B74E0F1EFA2B8D00232145 /* Base */ = {isa = PBXFileReference; lastKnownFileType = file.storyboard; name = Base; path = Base.lproj/LaunchScreen.storyboard; sourceTree = "<group>"; };
		30B74E111EFA2B8D00232145 /* Info.plist */ = {isa = PBXFileReference; lastKnownFileType = text.plist.xml; path = Info.plist; sourceTree = "<group>"; };
		30B74E181EFA2DB400232145 /* LoginVC.swift */ = {isa = PBXFileReference; fileEncoding = 4; lastKnownFileType = sourcecode.swift; path = LoginVC.swift; sourceTree = "<group>"; };
		30B74E1A1EFA824A00232145 /* GoogleService-Info.plist */ = {isa = PBXFileReference; fileEncoding = 4; lastKnownFileType = text.plist.xml; name = "GoogleService-Info.plist"; path = "../GoogleService-Info.plist"; sourceTree = "<group>"; };
		30B74E1D1EFA84C200232145 /* Constants.swift */ = {isa = PBXFileReference; fileEncoding = 4; lastKnownFileType = sourcecode.swift; path = Constants.swift; sourceTree = "<group>"; };
		30B74E1F1EFB9E3100232145 /* NewMessageController.swift */ = {isa = PBXFileReference; fileEncoding = 4; lastKnownFileType = sourcecode.swift; path = NewMessageController.swift; sourceTree = "<group>"; };
		30B74E221EFBB33A00232145 /* User.swift */ = {isa = PBXFileReference; fileEncoding = 4; lastKnownFileType = sourcecode.swift; path = User.swift; sourceTree = "<group>"; };
		30B74E251EFBB61D00232145 /* UserCell.swift */ = {isa = PBXFileReference; fileEncoding = 4; lastKnownFileType = sourcecode.swift; path = UserCell.swift; sourceTree = "<group>"; };
		30B74E271EFBBCAE00232145 /* LoginVC+handlers.swift */ = {isa = PBXFileReference; fileEncoding = 4; lastKnownFileType = sourcecode.swift; path = "LoginVC+handlers.swift"; sourceTree = "<group>"; };
		30B74E291EFBF8A100232145 /* ChatLogController.swift */ = {isa = PBXFileReference; fileEncoding = 4; lastKnownFileType = sourcecode.swift; path = ChatLogController.swift; sourceTree = "<group>"; };
		30F5E3271EFC18FF00F34A3F /* Message.swift */ = {isa = PBXFileReference; fileEncoding = 4; lastKnownFileType = sourcecode.swift; path = Message.swift; sourceTree = "<group>"; };
		30F5E3291EFD05DB00F34A3F /* ChatMessageCell.swift */ = {isa = PBXFileReference; fileEncoding = 4; lastKnownFileType = sourcecode.swift; path = ChatMessageCell.swift; sourceTree = "<group>"; };
		41011FAB88846E0D3A76D9DD /* Pods-gameOfChats.debug.xcconfig */ = {isa = PBXFileReference; includeInIndex = 1; lastKnownFileType = text.xcconfig; name = "Pods-gameOfChats.debug.xcconfig"; path = "Pods/Target Support Files/Pods-gameOfChats/Pods-gameOfChats.debug.xcconfig"; sourceTree = "<group>"; };
/* End PBXFileReference section */

/* Begin PBXFrameworksBuildPhase section */
		30B74DFF1EFA2B8D00232145 /* Frameworks */ = {
			isa = PBXFrameworksBuildPhase;
			buildActionMask = 2147483647;
			files = (
				F33E3C3F26B12253A414977E /* Pods_gameOfChats.framework in Frameworks */,
			);
			runOnlyForDeploymentPostprocessing = 0;
		};
/* End PBXFrameworksBuildPhase section */

/* Begin PBXGroup section */
		08867DE0E6D3DA10848F8C26 /* Pods */ = {
			isa = PBXGroup;
			children = (
				41011FAB88846E0D3A76D9DD /* Pods-gameOfChats.debug.xcconfig */,
				309111BE508A479434D444AD /* Pods-gameOfChats.release.xcconfig */,
			);
			name = Pods;
			sourceTree = "<group>";
		};
		2C528BFA7FC6D30423B1A8D4 /* Frameworks */ = {
			isa = PBXGroup;
			children = (
				159DEE14849F4C02C923049B /* Pods_gameOfChats.framework */,
			);
			name = Frameworks;
			sourceTree = "<group>";
		};
		3058AA421F0A7E320058D70E /* EZSwipeController */ = {
			isa = PBXGroup;
			children = (
				3058AA3E1F0A50BF0058D70E /* SwipeController.swift */,
				3058AA401F0A55B50058D70E /* PageController.swift */,
			);
			name = EZSwipeController;
			sourceTree = "<group>";
		};
		30B74DF91EFA2B8D00232145 = {
			isa = PBXGroup;
			children = (
				30B74E041EFA2B8D00232145 /* gameOfChats */,
				30B74E031EFA2B8D00232145 /* Products */,
				08867DE0E6D3DA10848F8C26 /* Pods */,
				2C528BFA7FC6D30423B1A8D4 /* Frameworks */,
			);
			sourceTree = "<group>";
		};
		30B74E031EFA2B8D00232145 /* Products */ = {
			isa = PBXGroup;
			children = (
				30B74E021EFA2B8D00232145 /* gameOfChats.app */,
			);
			name = Products;
			sourceTree = "<group>";
		};
		30B74E041EFA2B8D00232145 /* gameOfChats */ = {
			isa = PBXGroup;
			children = (
				3058AA421F0A7E320058D70E /* EZSwipeController */,
				300915681F03BED500266096 /* gameOfChats.entitlements */,
				30B74E241EFBB60500232145 /* Custom Cells and Views */,
				30B74E211EFBB32F00232145 /* Model */,
				30B74E1C1EFA84B400232145 /* Utilities */,
				30B74E171EFA2D9A00232145 /* Controller */,
				30B74E051EFA2B8D00232145 /* AppDelegate.swift */,
				30B74E0C1EFA2B8D00232145 /* Assets.xcassets */,
				30B74E0E1EFA2B8D00232145 /* LaunchScreen.storyboard */,
				30B74E111EFA2B8D00232145 /* Info.plist */,
				30B74E1A1EFA824A00232145 /* GoogleService-Info.plist */,
			);
			path = gameOfChats;
			sourceTree = "<group>";
		};
		30B74E171EFA2D9A00232145 /* Controller */ = {
			isa = PBXGroup;
			children = (
				30B74E181EFA2DB400232145 /* LoginVC.swift */,
				30B74E071EFA2B8D00232145 /* MessagesController.swift */,
				30B74E271EFBBCAE00232145 /* LoginVC+handlers.swift */,
				30B74E1F1EFB9E3100232145 /* NewMessageController.swift */,
				30B74E291EFBF8A100232145 /* ChatLogController.swift */,
				300915691F03E9E900266096 /* viewController.swift */,
				3058AA431F0A86380058D70E /* JSQMessagesController.swift */,
				3058AA451F0A97DC0058D70E /* JSQMessagesController+JSQMessages.swift */,
			);
			name = Controller;
			sourceTree = "<group>";
		};
		30B74E1C1EFA84B400232145 /* Utilities */ = {
			isa = PBXGroup;
			children = (
				3058AA491F0BB19D0058D70E /* Download.swift */,
				30B74E1D1EFA84C200232145 /* Constants.swift */,
				3058AA381F092BB60058D70E /* Extensions.swift */,
			);
			name = Utilities;
			sourceTree = "<group>";
		};
		30B74E211EFBB32F00232145 /* Model */ = {
			isa = PBXGroup;
			children = (
				30B74E221EFBB33A00232145 /* User.swift */,
				30F5E3271EFC18FF00F34A3F /* Message.swift */,
				307DE2301F04FF8800D7E4E5 /* Page.swift */,
				3058AA471F0BAF9D0058D70E /* Video.swift */,
			);
			name = Model;
			sourceTree = "<group>";
		};
		30B74E241EFBB60500232145 /* Custom Cells and Views */ = {
			isa = PBXGroup;
			children = (
				300915661F03AC2600266096 /* ChatInputContainerView.swift */,
				30B74E251EFBB61D00232145 /* UserCell.swift */,
				30F5E3291EFD05DB00F34A3F /* ChatMessageCell.swift */,
				304F67891F03F08400C353F5 /* PageCell.swift */,
				3058AA3A1F09DB700058D70E /* LoginCell.swift */,
			);
			name = "Custom Cells and Views";
			sourceTree = "<group>";
		};
/* End PBXGroup section */

/* Begin PBXNativeTarget section */
		30B74E011EFA2B8D00232145 /* gameOfChats */ = {
			isa = PBXNativeTarget;
			buildConfigurationList = 30B74E141EFA2B8D00232145 /* Build configuration list for PBXNativeTarget "gameOfChats" */;
			buildPhases = (
				E4F399B4EFF66C66F3670429 /* [CP] Check Pods Manifest.lock */,
				30B74DFE1EFA2B8D00232145 /* Sources */,
				30B74DFF1EFA2B8D00232145 /* Frameworks */,
				30B74E001EFA2B8D00232145 /* Resources */,
				326187B1E9C8436B70F126E5 /* [CP] Embed Pods Frameworks */,
				18E2AA483D9A244E4E7EFE9D /* [CP] Copy Pods Resources */,
			);
			buildRules = (
			);
			dependencies = (
			);
			name = gameOfChats;
			productName = gameOfChats;
			productReference = 30B74E021EFA2B8D00232145 /* gameOfChats.app */;
			productType = "com.apple.product-type.application";
		};
/* End PBXNativeTarget section */

/* Begin PBXProject section */
		30B74DFA1EFA2B8D00232145 /* Project object */ = {
			isa = PBXProject;
			attributes = {
				LastSwiftUpdateCheck = 0830;
				LastUpgradeCheck = 0830;
				ORGANIZATIONNAME = "Aidan Aden";
				TargetAttributes = {
					30B74E011EFA2B8D00232145 = {
						CreatedOnToolsVersion = 8.3.3;
						DevelopmentTeam = T8EK39XC68;
						ProvisioningStyle = Automatic;
						SystemCapabilities = {
							com.apple.Keychain = {
								enabled = 1;
							};
						};
					};
				};
			};
			buildConfigurationList = 30B74DFD1EFA2B8D00232145 /* Build configuration list for PBXProject "gameOfChats" */;
			compatibilityVersion = "Xcode 3.2";
			developmentRegion = English;
			hasScannedForEncodings = 0;
			knownRegions = (
				en,
				Base,
			);
			mainGroup = 30B74DF91EFA2B8D00232145;
			productRefGroup = 30B74E031EFA2B8D00232145 /* Products */;
			projectDirPath = "";
			projectRoot = "";
			targets = (
				30B74E011EFA2B8D00232145 /* gameOfChats */,
			);
		};
/* End PBXProject section */

/* Begin PBXResourcesBuildPhase section */
		30B74E001EFA2B8D00232145 /* Resources */ = {
			isa = PBXResourcesBuildPhase;
			buildActionMask = 2147483647;
			files = (
				30B74E101EFA2B8D00232145 /* LaunchScreen.storyboard in Resources */,
				30B74E1B1EFA824A00232145 /* GoogleService-Info.plist in Resources */,
				30B74E0D1EFA2B8D00232145 /* Assets.xcassets in Resources */,
			);
			runOnlyForDeploymentPostprocessing = 0;
		};
/* End PBXResourcesBuildPhase section */

/* Begin PBXShellScriptBuildPhase section */
		18E2AA483D9A244E4E7EFE9D /* [CP] Copy Pods Resources */ = {
			isa = PBXShellScriptBuildPhase;
			buildActionMask = 2147483647;
			files = (
			);
			inputPaths = (
			);
			name = "[CP] Copy Pods Resources";
			outputPaths = (
			);
			runOnlyForDeploymentPostprocessing = 0;
			shellPath = /bin/sh;
			shellScript = "\"${SRCROOT}/Pods/Target Support Files/Pods-gameOfChats/Pods-gameOfChats-resources.sh\"\n";
			showEnvVarsInLog = 0;
		};
		326187B1E9C8436B70F126E5 /* [CP] Embed Pods Frameworks */ = {
			isa = PBXShellScriptBuildPhase;
			buildActionMask = 2147483647;
			files = (
			);
			inputPaths = (
			);
			name = "[CP] Embed Pods Frameworks";
			outputPaths = (
			);
			runOnlyForDeploymentPostprocessing = 0;
			shellPath = /bin/sh;
			shellScript = "\"${SRCROOT}/Pods/Target Support Files/Pods-gameOfChats/Pods-gameOfChats-frameworks.sh\"\n";
			showEnvVarsInLog = 0;
		};
		E4F399B4EFF66C66F3670429 /* [CP] Check Pods Manifest.lock */ = {
			isa = PBXShellScriptBuildPhase;
			buildActionMask = 2147483647;
			files = (
			);
			inputPaths = (
			);
			name = "[CP] Check Pods Manifest.lock";
			outputPaths = (
			);
			runOnlyForDeploymentPostprocessing = 0;
			shellPath = /bin/sh;
			shellScript = "diff \"${PODS_ROOT}/../Podfile.lock\" \"${PODS_ROOT}/Manifest.lock\" > /dev/null\nif [[ $? != 0 ]] ; then\n    cat << EOM\nerror: The sandbox is not in sync with the Podfile.lock. Run 'pod install' or update your CocoaPods installation.\nEOM\n    exit 1\nfi\n";
			showEnvVarsInLog = 0;
		};
/* End PBXShellScriptBuildPhase section */

/* Begin PBXSourcesBuildPhase section */
		30B74DFE1EFA2B8D00232145 /* Sources */ = {
			isa = PBXSourcesBuildPhase;
			buildActionMask = 2147483647;
			files = (
				3058AA441F0A86380058D70E /* JSQMessagesController.swift in Sources */,
				30B74E2A1EFBF8A100232145 /* ChatLogController.swift in Sources */,
				300915671F03AC2600266096 /* ChatInputContainerView.swift in Sources */,
				3058AA461F0A97DC0058D70E /* JSQMessagesController+JSQMessages.swift in Sources */,
				30B74E081EFA2B8D00232145 /* MessagesController.swift in Sources */,
				30B74E201EFB9E3100232145 /* NewMessageController.swift in Sources */,
				30B74E231EFBB33A00232145 /* User.swift in Sources */,
				3058AA481F0BAF9D0058D70E /* Video.swift in Sources */,
				3058AA3F1F0A50BF0058D70E /* SwipeController.swift in Sources */,
				30B74E061EFA2B8D00232145 /* AppDelegate.swift in Sources */,
				304F678A1F03F08500C353F5 /* PageCell.swift in Sources */,
				30B74E191EFA2DB400232145 /* LoginVC.swift in Sources */,
				30B74E1E1EFA84C200232145 /* Constants.swift in Sources */,
				3009156A1F03E9E900266096 /* viewController.swift in Sources */,
				30F5E32A1EFD05DB00F34A3F /* ChatMessageCell.swift in Sources */,
				3058AA391F092BB60058D70E /* Extensions.swift in Sources */,
				30F5E3281EFC18FF00F34A3F /* Message.swift in Sources */,
				3058AA3B1F09DB700058D70E /* LoginCell.swift in Sources */,
				30B74E261EFBB61D00232145 /* UserCell.swift in Sources */,
				30B74E281EFBBCAE00232145 /* LoginVC+handlers.swift in Sources */,
				307DE2311F04FF8800D7E4E5 /* Page.swift in Sources */,
				3058AA4A1F0BB19D0058D70E /* Download.swift in Sources */,
				3058AA411F0A55B50058D70E /* PageController.swift in Sources */,
			);
			runOnlyForDeploymentPostprocessing = 0;
		};
/* End PBXSourcesBuildPhase section */

/* Begin PBXVariantGroup section */
		30B74E0E1EFA2B8D00232145 /* LaunchScreen.storyboard */ = {
			isa = PBXVariantGroup;
			children = (
				30B74E0F1EFA2B8D00232145 /* Base */,
			);
			name = LaunchScreen.storyboard;
			sourceTree = "<group>";
		};
/* End PBXVariantGroup section */

/* Begin XCBuildConfiguration section */
		30B74E121EFA2B8D00232145 /* Debug */ = {
			isa = XCBuildConfiguration;
			buildSettings = {
				ALWAYS_SEARCH_USER_PATHS = NO;
				CLANG_ANALYZER_NONNULL = YES;
				CLANG_ANALYZER_NUMBER_OBJECT_CONVERSION = YES_AGGRESSIVE;
				CLANG_CXX_LANGUAGE_STANDARD = "gnu++0x";
				CLANG_CXX_LIBRARY = "libc++";
				CLANG_ENABLE_MODULES = YES;
				CLANG_ENABLE_OBJC_ARC = YES;
				CLANG_WARN_BOOL_CONVERSION = YES;
				CLANG_WARN_CONSTANT_CONVERSION = YES;
				CLANG_WARN_DIRECT_OBJC_ISA_USAGE = YES_ERROR;
				CLANG_WARN_DOCUMENTATION_COMMENTS = YES;
				CLANG_WARN_EMPTY_BODY = YES;
				CLANG_WARN_ENUM_CONVERSION = YES;
				CLANG_WARN_INFINITE_RECURSION = YES;
				CLANG_WARN_INT_CONVERSION = YES;
				CLANG_WARN_OBJC_ROOT_CLASS = YES_ERROR;
				CLANG_WARN_SUSPICIOUS_MOVE = YES;
				CLANG_WARN_UNREACHABLE_CODE = YES;
				CLANG_WARN__DUPLICATE_METHOD_MATCH = YES;
				"CODE_SIGN_IDENTITY[sdk=iphoneos*]" = "iPhone Developer";
				COPY_PHASE_STRIP = NO;
				DEBUG_INFORMATION_FORMAT = dwarf;
				ENABLE_STRICT_OBJC_MSGSEND = YES;
				ENABLE_TESTABILITY = YES;
				GCC_C_LANGUAGE_STANDARD = gnu99;
				GCC_DYNAMIC_NO_PIC = NO;
				GCC_NO_COMMON_BLOCKS = YES;
				GCC_OPTIMIZATION_LEVEL = 0;
				GCC_PREPROCESSOR_DEFINITIONS = (
					"DEBUG=1",
					"$(inherited)",
				);
				GCC_WARN_64_TO_32_BIT_CONVERSION = YES;
				GCC_WARN_ABOUT_RETURN_TYPE = YES_ERROR;
				GCC_WARN_UNDECLARED_SELECTOR = YES;
				GCC_WARN_UNINITIALIZED_AUTOS = YES_AGGRESSIVE;
				GCC_WARN_UNUSED_FUNCTION = YES;
				GCC_WARN_UNUSED_VARIABLE = YES;
				IPHONEOS_DEPLOYMENT_TARGET = 10.3;
				MTL_ENABLE_DEBUG_INFO = YES;
				ONLY_ACTIVE_ARCH = YES;
				SDKROOT = iphoneos;
				SWIFT_ACTIVE_COMPILATION_CONDITIONS = DEBUG;
				SWIFT_OPTIMIZATION_LEVEL = "-Onone";
			};
			name = Debug;
		};
		30B74E131EFA2B8D00232145 /* Release */ = {
			isa = XCBuildConfiguration;
			buildSettings = {
				ALWAYS_SEARCH_USER_PATHS = NO;
				CLANG_ANALYZER_NONNULL = YES;
				CLANG_ANALYZER_NUMBER_OBJECT_CONVERSION = YES_AGGRESSIVE;
				CLANG_CXX_LANGUAGE_STANDARD = "gnu++0x";
				CLANG_CXX_LIBRARY = "libc++";
				CLANG_ENABLE_MODULES = YES;
				CLANG_ENABLE_OBJC_ARC = YES;
				CLANG_WARN_BOOL_CONVERSION = YES;
				CLANG_WARN_CONSTANT_CONVERSION = YES;
				CLANG_WARN_DIRECT_OBJC_ISA_USAGE = YES_ERROR;
				CLANG_WARN_DOCUMENTATION_COMMENTS = YES;
				CLANG_WARN_EMPTY_BODY = YES;
				CLANG_WARN_ENUM_CONVERSION = YES;
				CLANG_WARN_INFINITE_RECURSION = YES;
				CLANG_WARN_INT_CONVERSION = YES;
				CLANG_WARN_OBJC_ROOT_CLASS = YES_ERROR;
				CLANG_WARN_SUSPICIOUS_MOVE = YES;
				CLANG_WARN_UNREACHABLE_CODE = YES;
				CLANG_WARN__DUPLICATE_METHOD_MATCH = YES;
				"CODE_SIGN_IDENTITY[sdk=iphoneos*]" = "iPhone Developer";
				COPY_PHASE_STRIP = NO;
				DEBUG_INFORMATION_FORMAT = "dwarf-with-dsym";
				ENABLE_NS_ASSERTIONS = NO;
				ENABLE_STRICT_OBJC_MSGSEND = YES;
				GCC_C_LANGUAGE_STANDARD = gnu99;
				GCC_NO_COMMON_BLOCKS = YES;
				GCC_WARN_64_TO_32_BIT_CONVERSION = YES;
				GCC_WARN_ABOUT_RETURN_TYPE = YES_ERROR;
				GCC_WARN_UNDECLARED_SELECTOR = YES;
				GCC_WARN_UNINITIALIZED_AUTOS = YES_AGGRESSIVE;
				GCC_WARN_UNUSED_FUNCTION = YES;
				GCC_WARN_UNUSED_VARIABLE = YES;
				IPHONEOS_DEPLOYMENT_TARGET = 10.3;
				MTL_ENABLE_DEBUG_INFO = NO;
				SDKROOT = iphoneos;
				SWIFT_OPTIMIZATION_LEVEL = "-Owholemodule";
				VALIDATE_PRODUCT = YES;
			};
			name = Release;
		};
		30B74E151EFA2B8D00232145 /* Debug */ = {
			isa = XCBuildConfiguration;
			baseConfigurationReference = 41011FAB88846E0D3A76D9DD /* Pods-gameOfChats.debug.xcconfig */;
			buildSettings = {
				ASSETCATALOG_COMPILER_APPICON_NAME = AppIcon;
				CODE_SIGN_ENTITLEMENTS = gameOfChats/gameOfChats.entitlements;
				DEBUG_ACTIVITY_MODE = "";
				"DEBUG_ACTIVITY_MODE[sdk=iphonesimulator*]" = disable;
				DEVELOPMENT_TEAM = T8EK39XC68;
				INFOPLIST_FILE = gameOfChats/Info.plist;
				LD_RUNPATH_SEARCH_PATHS = "$(inherited) @executable_path/Frameworks";
				PRODUCT_BUNDLE_IDENTIFIER = com.aidan.gameOfChats69;
				PRODUCT_NAME = "$(TARGET_NAME)";
				SWIFT_VERSION = 3.0;
			};
			name = Debug;
		};
		30B74E161EFA2B8D00232145 /* Release */ = {
			isa = XCBuildConfiguration;
			baseConfigurationReference = 309111BE508A479434D444AD /* Pods-gameOfChats.release.xcconfig */;
			buildSettings = {
				ASSETCATALOG_COMPILER_APPICON_NAME = AppIcon;
				CODE_SIGN_ENTITLEMENTS = gameOfChats/gameOfChats.entitlements;
				DEBUG_ACTIVITY_MODE = "";
				DEVELOPMENT_TEAM = T8EK39XC68;
				INFOPLIST_FILE = gameOfChats/Info.plist;
				LD_RUNPATH_SEARCH_PATHS = "$(inherited) @executable_path/Frameworks";
				PRODUCT_BUNDLE_IDENTIFIER = com.aidan.gameOfChats69;
				PRODUCT_NAME = "$(TARGET_NAME)";
				SWIFT_VERSION = 3.0;
			};
			name = Release;
		};
/* End XCBuildConfiguration section */

/* Begin XCConfigurationList section */
		30B74DFD1EFA2B8D00232145 /* Build configuration list for PBXProject "gameOfChats" */ = {
			isa = XCConfigurationList;
			buildConfigurations = (
				30B74E121EFA2B8D00232145 /* Debug */,
				30B74E131EFA2B8D00232145 /* Release */,
			);
			defaultConfigurationIsVisible = 0;
			defaultConfigurationName = Release;
		};
		30B74E141EFA2B8D00232145 /* Build configuration list for PBXNativeTarget "gameOfChats" */ = {
			isa = XCConfigurationList;
			buildConfigurations = (
				30B74E151EFA2B8D00232145 /* Debug */,
				30B74E161EFA2B8D00232145 /* Release */,
			);
			defaultConfigurationIsVisible = 0;
			defaultConfigurationName = Release;
		};
/* End XCConfigurationList section */
	};
	rootObject = 30B74DFA1EFA2B8D00232145 /* Project object */;
}
